# THIS IS AN AUTOGENERATED FILE. DO NOT EDIT THIS FILE DIRECTLY.
# yarn lockfile v1


"@fmfe/tms.js@^0.0.4":
  version "0.0.4"
  resolved "https://registry.yarnpkg.com/@fmfe/tms.js/-/tms.js-0.0.4.tgz#4662af07cd37773d42df516ffd49e80a0f39f83c"

vue@^2.5.17:
  version "2.5.17"
  resolved "https://registry.yarnpkg.com/vue/-/vue-2.5.17.tgz#0f8789ad718be68ca1872629832ed533589c6ada"
